{
  "requires": true,
  "lockfileVersion": 1,
  "dependencies": {
    "circular-json": {
      "version": "0.4.0",
      "resolved": "https://registry.npmjs.org/circular-json/-/circular-json-0.4.0.tgz",
      "integrity": "sha512-tKV502ADgm9Z37s6B1QOohegjJJrCl2iyMMb1+8ITHrh1fquW8Jdbkb4s5r4Iwutr1UfL1qvkqvc1wZZlLvwow=="
    },
    "undefined": {
      "version": "0.1.0",
      "resolved": "https://registry.npmjs.org/undefined/-/undefined-0.1.0.tgz",
      "integrity": "sha1-m3BqSzKtMMIMpP5l3cu72sMr3tA="
    }
  }
}
